
Microsoft Visual Studio Solution File, Format Version 12.00
# Visual Studio Version 17
VisualStudioVersion = 17.3.32929.385
MinimumVisualStudioVersion = 10.0.40219.1
Project("{FAE04EC0-301F-11D3-BF4B-00C04F79EFBC}") = "LUYEN_THI_A1", "LUYEN_THI_A1\LUYEN_THI_A1.csproj", "{6125C7A5-F5DC-4E15-836C-6A25CFDE1F07}"
EndProject
Global
	GlobalSection(SolutionConfigurationPlatforms) = preSolution
		Debug|Any CPU = Debug|Any CPU
		Release|Any CPU = Release|Any CPU
	EndGlobalSection
	GlobalSection(ProjectConfigurationPlatforms) = postSolution
		{6125C7A5-F5DC-4E15-836C-6A25CFDE1F07}.Debug|Any CPU.ActiveCfg = Debug|Any CPU
		{6125C7A5-F5DC-4E15-836C-6A25CFDE1F07}.Debug|Any CPU.Build.0 = Debug|Any CPU
		{6125C7A5-F5DC-4E15-836C-6A25CFDE1F07}.Release|Any CPU.ActiveCfg = Release|Any CPU
		{6125C7A5-F5DC-4E15-836C-6A25CFDE1F07}.Release|Any CPU.Build.0 = Release|Any CPU
	EndGlobalSection
	GlobalSection(SolutionProperties) = preSolution
		HideSolutionNode = FALSE
	EndGlobalSection
	GlobalSection(ExtensibilityGlobals) = postSolution
		SolutionGuid = {CC5502C5-FE08-4554-8897-41FDF184574F}
	EndGlobalSection
EndGlobal
